
Microsoft Visual Studio Solution File, Format Version 12.00
# Visual Studio Version 17
VisualStudioVersion = 17.7.34009.444
MinimumVisualStudioVersion = 10.0.40219.1
Project("{FAE04EC0-301F-11D3-BF4B-00C04F79EFBC}") = "taskManagerWeb", "taskManagerWeb\taskManagerWeb.csproj", "{98CCBA06-C411-40CC-9F63-00B8C6F15DCE}"
EndProject
Global
	GlobalSection(SolutionConfigurationPlatforms) = preSolution
		Debug|Any CPU = Debug|Any CPU
		Release|Any CPU = Release|Any CPU
	EndGlobalSection
	GlobalSection(ProjectConfigurationPlatforms) = postSolution
		{98CCBA06-C411-40CC-9F63-00B8C6F15DCE}.Debug|Any CPU.ActiveCfg = Debug|Any CPU
		{98CCBA06-C411-40CC-9F63-00B8C6F15DCE}.Debug|Any CPU.Build.0 = Debug|Any CPU
		{98CCBA06-C411-40CC-9F63-00B8C6F15DCE}.Release|Any CPU.ActiveCfg = Release|Any CPU
		{98CCBA06-C411-40CC-9F63-00B8C6F15DCE}.Release|Any CPU.Build.0 = Release|Any CPU
	EndGlobalSection
	GlobalSection(SolutionProperties) = preSolution
		HideSolutionNode = FALSE
	EndGlobalSection
	GlobalSection(ExtensibilityGlobals) = postSolution
		SolutionGuid = {D2D7F8A4-545F-4142-BAFA-4BD18EF4BF3C}
	EndGlobalSection
EndGlobal
